
Microsoft Visual Studio Solution File, Format Version 12.00
# Visual Studio 15
VisualStudioVersion = 15.0.27130.0
MinimumVisualStudioVersion = 10.0.40219.1
Project("{FAE04EC0-301F-11D3-BF4B-00C04F79EFBC}") = "ClassLibraryCI", "ClassLibraryCI\ClassLibraryCI.csproj", "{D5F36D90-B2B2-49DE-8A30-132B1D812ECB}"
EndProject
Global
	GlobalSection(SolutionConfigurationPlatforms) = preSolution
		Debug|Any CPU = Debug|Any CPU
		Release|Any CPU = Release|Any CPU
	EndGlobalSection
	GlobalSection(ProjectConfigurationPlatforms) = postSolution
		{D5F36D90-B2B2-49DE-8A30-132B1D812ECB}.Debug|Any CPU.ActiveCfg = Debug|Any CPU
		{D5F36D90-B2B2-49DE-8A30-132B1D812ECB}.Debug|Any CPU.Build.0 = Debug|Any CPU
		{D5F36D90-B2B2-49DE-8A30-132B1D812ECB}.Release|Any CPU.ActiveCfg = Release|Any CPU
		{D5F36D90-B2B2-49DE-8A30-132B1D812ECB}.Release|Any CPU.Build.0 = Release|Any CPU
	EndGlobalSection
	GlobalSection(SolutionProperties) = preSolution
		HideSolutionNode = FALSE
	EndGlobalSection
	GlobalSection(ExtensibilityGlobals) = postSolution
		SolutionGuid = {165B6D66-CEA3-4F80-8920-1E375B9A850E}
	EndGlobalSection
EndGlobal
